
Microsoft Visual Studio Solution File, Format Version 12.00
# Visual Studio Version 17
VisualStudioVersion = 17.3.32929.385
MinimumVisualStudioVersion = 10.0.40219.1
Project("{9A19103F-16F7-4668-BE54-9A1E7A4F7556}") = "AnimesControl.Api", "AnimesControl.Api.csproj", "{4628BE0F-EC74-4093-B651-7518090484B9}"
EndProject
Project("{9A19103F-16F7-4668-BE54-9A1E7A4F7556}") = "AnimesControl.Application", "..\AnimesControl.Application\AnimesControl.Application.csproj", "{3D94AB85-AEFB-48D0-AAA8-CBC6B0359031}"
EndProject
Project("{9A19103F-16F7-4668-BE54-9A1E7A4F7556}") = "AnimesControl.Infra", "..\AnimesControl.Infra\AnimesControl.Infra.csproj", "{BDA09BEA-FA29-4781-84E5-95F979CA01CF}"
EndProject
Project("{9A19103F-16F7-4668-BE54-9A1E7A4F7556}") = "AnimesControl.Core", "..\AnimesControl.Core\AnimesControl.Core.csproj", "{EA9608E5-B4F0-4B2E-B89E-3B3994E2CB94}"
EndProject
Project("{FAE04EC0-301F-11D3-BF4B-00C04F79EFBC}") = "AnimesControl.Tests", "..\AnimesControl.Tests\AnimesControl.Tests.csproj", "{2F551AE9-3C54-4B06-B427-E1B46424AB05}"
EndProject
Global
	GlobalSection(SolutionConfigurationPlatforms) = preSolution
		Debug|Any CPU = Debug|Any CPU
		Release|Any CPU = Release|Any CPU
	EndGlobalSection
	GlobalSection(ProjectConfigurationPlatforms) = postSolution
		{4628BE0F-EC74-4093-B651-7518090484B9}.Debug|Any CPU.ActiveCfg = Debug|Any CPU
		{4628BE0F-EC74-4093-B651-7518090484B9}.Debug|Any CPU.Build.0 = Debug|Any CPU
		{4628BE0F-EC74-4093-B651-7518090484B9}.Release|Any CPU.ActiveCfg = Release|Any CPU
		{4628BE0F-EC74-4093-B651-7518090484B9}.Release|Any CPU.Build.0 = Release|Any CPU
		{3D94AB85-AEFB-48D0-AAA8-CBC6B0359031}.Debug|Any CPU.ActiveCfg = Debug|Any CPU
		{3D94AB85-AEFB-48D0-AAA8-CBC6B0359031}.Debug|Any CPU.Build.0 = Debug|Any CPU
		{3D94AB85-AEFB-48D0-AAA8-CBC6B0359031}.Release|Any CPU.ActiveCfg = Release|Any CPU
		{3D94AB85-AEFB-48D0-AAA8-CBC6B0359031}.Release|Any CPU.Build.0 = Release|Any CPU
		{BDA09BEA-FA29-4781-84E5-95F979CA01CF}.Debug|Any CPU.ActiveCfg = Debug|Any CPU
		{BDA09BEA-FA29-4781-84E5-95F979CA01CF}.Debug|Any CPU.Build.0 = Debug|Any CPU
		{BDA09BEA-FA29-4781-84E5-95F979CA01CF}.Release|Any CPU.ActiveCfg = Release|Any CPU
		{BDA09BEA-FA29-4781-84E5-95F979CA01CF}.Release|Any CPU.Build.0 = Release|Any CPU
		{EA9608E5-B4F0-4B2E-B89E-3B3994E2CB94}.Debug|Any CPU.ActiveCfg = Debug|Any CPU
		{EA9608E5-B4F0-4B2E-B89E-3B3994E2CB94}.Debug|Any CPU.Build.0 = Debug|Any CPU
		{EA9608E5-B4F0-4B2E-B89E-3B3994E2CB94}.Release|Any CPU.ActiveCfg = Release|Any CPU
		{EA9608E5-B4F0-4B2E-B89E-3B3994E2CB94}.Release|Any CPU.Build.0 = Release|Any CPU
		{2F551AE9-3C54-4B06-B427-E1B46424AB05}.Debug|Any CPU.ActiveCfg = Debug|Any CPU
		{2F551AE9-3C54-4B06-B427-E1B46424AB05}.Debug|Any CPU.Build.0 = Debug|Any CPU
		{2F551AE9-3C54-4B06-B427-E1B46424AB05}.Release|Any CPU.ActiveCfg = Release|Any CPU
		{2F551AE9-3C54-4B06-B427-E1B46424AB05}.Release|Any CPU.Build.0 = Release|Any CPU
	EndGlobalSection
	GlobalSection(SolutionProperties) = preSolution
		HideSolutionNode = FALSE
	EndGlobalSection
	GlobalSection(ExtensibilityGlobals) = postSolution
		SolutionGuid = {CA972F45-5794-468B-A71C-77970449E818}
	EndGlobalSection
EndGlobal
